dependencies:
- name: pgo
  repository: oci://registry.developers.crunchydata.com/crunchydata
  version: 5.7.1
- name: replicated
  repository: oci://registry.replicated.com/library
  version: 1.0.0-beta.31
digest: sha256:8cb0c3685f136fa24d184c2647c736fd148afb39dcdb38d5dbae61cc1229dd63
generated: "2025-03-28T06:51:42.891975Z"
