dependencies:
- name: pgo
  repository: oci://registry.developers.crunchydata.com/crunchydata
  version: 5.7.1
- name: replicated
  repository: oci://registry.replicated.com/library
  version: 1.0.0-beta.31
- name: harbor
  repository: https://helm.goharbor.io
  version: 1.16.0
digest: sha256:31d7f4113045ab840f47a61705e52787a03ffbe39aeb49a7d3f876ebb269cb38
generated: "2024-12-12T12:55:15.217289Z"
